
Microsoft Visual Studio Solution File, Format Version 12.00
# Visual Studio 15
VisualStudioVersion = 15.0.26124.0
MinimumVisualStudioVersion = 15.0.26124.0
Project("{2150E333-8FDC-42A3-9474-1A3956D46DE8}") = "src", "src", "{7826B0F6-D20D-4C6B-9C81-92D1FC25A8CF}"
EndProject
Project("{2150E333-8FDC-42A3-9474-1A3956D46DE8}") = "Domain", "Domain", "{95087A40-9FE9-4658-A85D-139CD68303AA}"
EndProject
Project("{2150E333-8FDC-42A3-9474-1A3956D46DE8}") = "Infrastructure", "Infrastructure", "{A7734595-CAB9-4D28-B4F4-C77DA2524C44}"
EndProject
Project("{2150E333-8FDC-42A3-9474-1A3956D46DE8}") = "Job", "Job", "{062F8695-3423-426F-99AC-0BC887AACCC9}"
EndProject
Project("{2150E333-8FDC-42A3-9474-1A3956D46DE8}") = "Service", "Service", "{505FD2C3-E945-472A-B8B2-A57B88497FAC}"
EndProject
Project("{2150E333-8FDC-42A3-9474-1A3956D46DE8}") = "UI", "UI", "{C8BA82E4-0B81-4E10-B690-641C495B2B5C}"
EndProject
Project("{9A19103F-16F7-4668-BE54-9A1E7A4F7556}") = "Focus.Incident.Domain", "src\Domain\Focus.Incident.Domain\Focus.Incident.Domain.csproj", "{6FBB931A-DFA8-49B2-9FBB-488738AC13AB}"
EndProject
Project("{9A19103F-16F7-4668-BE54-9A1E7A4F7556}") = "Focus.Incident.Infrastructure.DB", "src\Infrastructure\Focus.Incident.Infrastructure.DB\Focus.Incident.Infrastructure.DB.csproj", "{7EB86D66-0D80-4E8A-BE62-2BD11E3F25CC}"
EndProject
Project("{9A19103F-16F7-4668-BE54-9A1E7A4F7556}") = "Focus.Incident.Job", "src\Job\Focus.Incident.Job\Focus.Incident.Job.csproj", "{228F20C4-5631-4189-9C78-2098A9D7963A}"
EndProject
Project("{9A19103F-16F7-4668-BE54-9A1E7A4F7556}") = "Focus.Incident.Web", "src\UI\Focus.Incident.Web\Focus.Incident.Web.csproj", "{B6B89887-335E-471B-854E-3ECF35559812}"
EndProject
Project("{9A19103F-16F7-4668-BE54-9A1E7A4F7556}") = "Focus.Incident.API", "src\Service\Focus.Incident.API\Focus.Incident.API.csproj", "{EC44D254-061B-4A2F-93A0-74EF03EBE9B2}"
EndProject
Project("{E53339B2-1760-4266-BCC7-CA923CBCF16C}") = "docker-compose", "docker-compose.dcproj", "{B6A56E76-80A3-4706-9C16-895803F61438}"
EndProject
Global
	GlobalSection(SolutionConfigurationPlatforms) = preSolution
		Debug|Any CPU = Debug|Any CPU
		Debug|x64 = Debug|x64
		Debug|x86 = Debug|x86
		Release|Any CPU = Release|Any CPU
		Release|x64 = Release|x64
		Release|x86 = Release|x86
	EndGlobalSection
	GlobalSection(ProjectConfigurationPlatforms) = postSolution
		{6FBB931A-DFA8-49B2-9FBB-488738AC13AB}.Debug|Any CPU.ActiveCfg = Debug|Any CPU
		{6FBB931A-DFA8-49B2-9FBB-488738AC13AB}.Debug|Any CPU.Build.0 = Debug|Any CPU
		{6FBB931A-DFA8-49B2-9FBB-488738AC13AB}.Debug|x64.ActiveCfg = Debug|Any CPU
		{6FBB931A-DFA8-49B2-9FBB-488738AC13AB}.Debug|x64.Build.0 = Debug|Any CPU
		{6FBB931A-DFA8-49B2-9FBB-488738AC13AB}.Debug|x86.ActiveCfg = Debug|Any CPU
		{6FBB931A-DFA8-49B2-9FBB-488738AC13AB}.Debug|x86.Build.0 = Debug|Any CPU
		{6FBB931A-DFA8-49B2-9FBB-488738AC13AB}.Release|Any CPU.ActiveCfg = Release|Any CPU
		{6FBB931A-DFA8-49B2-9FBB-488738AC13AB}.Release|Any CPU.Build.0 = Release|Any CPU
		{6FBB931A-DFA8-49B2-9FBB-488738AC13AB}.Release|x64.ActiveCfg = Release|Any CPU
		{6FBB931A-DFA8-49B2-9FBB-488738AC13AB}.Release|x64.Build.0 = Release|Any CPU
		{6FBB931A-DFA8-49B2-9FBB-488738AC13AB}.Release|x86.ActiveCfg = Release|Any CPU
		{6FBB931A-DFA8-49B2-9FBB-488738AC13AB}.Release|x86.Build.0 = Release|Any CPU
		{7EB86D66-0D80-4E8A-BE62-2BD11E3F25CC}.Debug|Any CPU.ActiveCfg = Debug|Any CPU
		{7EB86D66-0D80-4E8A-BE62-2BD11E3F25CC}.Debug|Any CPU.Build.0 = Debug|Any CPU
		{7EB86D66-0D80-4E8A-BE62-2BD11E3F25CC}.Debug|x64.ActiveCfg = Debug|Any CPU
		{7EB86D66-0D80-4E8A-BE62-2BD11E3F25CC}.Debug|x64.Build.0 = Debug|Any CPU
		{7EB86D66-0D80-4E8A-BE62-2BD11E3F25CC}.Debug|x86.ActiveCfg = Debug|Any CPU
		{7EB86D66-0D80-4E8A-BE62-2BD11E3F25CC}.Debug|x86.Build.0 = Debug|Any CPU
		{7EB86D66-0D80-4E8A-BE62-2BD11E3F25CC}.Release|Any CPU.ActiveCfg = Release|Any CPU
		{7EB86D66-0D80-4E8A-BE62-2BD11E3F25CC}.Release|Any CPU.Build.0 = Release|Any CPU
		{7EB86D66-0D80-4E8A-BE62-2BD11E3F25CC}.Release|x64.ActiveCfg = Release|Any CPU
		{7EB86D66-0D80-4E8A-BE62-2BD11E3F25CC}.Release|x64.Build.0 = Release|Any CPU
		{7EB86D66-0D80-4E8A-BE62-2BD11E3F25CC}.Release|x86.ActiveCfg = Release|Any CPU
		{7EB86D66-0D80-4E8A-BE62-2BD11E3F25CC}.Release|x86.Build.0 = Release|Any CPU
		{228F20C4-5631-4189-9C78-2098A9D7963A}.Debug|Any CPU.ActiveCfg = Debug|Any CPU
		{228F20C4-5631-4189-9C78-2098A9D7963A}.Debug|Any CPU.Build.0 = Debug|Any CPU
		{228F20C4-5631-4189-9C78-2098A9D7963A}.Debug|x64.ActiveCfg = Debug|Any CPU
		{228F20C4-5631-4189-9C78-2098A9D7963A}.Debug|x64.Build.0 = Debug|Any CPU
		{228F20C4-5631-4189-9C78-2098A9D7963A}.Debug|x86.ActiveCfg = Debug|Any CPU
		{228F20C4-5631-4189-9C78-2098A9D7963A}.Debug|x86.Build.0 = Debug|Any CPU
		{228F20C4-5631-4189-9C78-2098A9D7963A}.Release|Any CPU.ActiveCfg = Release|Any CPU
		{228F20C4-5631-4189-9C78-2098A9D7963A}.Release|Any CPU.Build.0 = Release|Any CPU
		{228F20C4-5631-4189-9C78-2098A9D7963A}.Release|x64.ActiveCfg = Release|Any CPU
		{228F20C4-5631-4189-9C78-2098A9D7963A}.Release|x64.Build.0 = Release|Any CPU
		{228F20C4-5631-4189-9C78-2098A9D7963A}.Release|x86.ActiveCfg = Release|Any CPU
		{228F20C4-5631-4189-9C78-2098A9D7963A}.Release|x86.Build.0 = Release|Any CPU
		{B6B89887-335E-471B-854E-3ECF35559812}.Debug|Any CPU.ActiveCfg = Debug|Any CPU
		{B6B89887-335E-471B-854E-3ECF35559812}.Debug|Any CPU.Build.0 = Debug|Any CPU
		{B6B89887-335E-471B-854E-3ECF35559812}.Debug|x64.ActiveCfg = Debug|Any CPU
		{B6B89887-335E-471B-854E-3ECF35559812}.Debug|x64.Build.0 = Debug|Any CPU
		{B6B89887-335E-471B-854E-3ECF35559812}.Debug|x86.ActiveCfg = Debug|Any CPU
		{B6B89887-335E-471B-854E-3ECF35559812}.Debug|x86.Build.0 = Debug|Any CPU
		{B6B89887-335E-471B-854E-3ECF35559812}.Release|Any CPU.ActiveCfg = Release|Any CPU
		{B6B89887-335E-471B-854E-3ECF35559812}.Release|Any CPU.Build.0 = Release|Any CPU
		{B6B89887-335E-471B-854E-3ECF35559812}.Release|x64.ActiveCfg = Release|Any CPU
		{B6B89887-335E-471B-854E-3ECF35559812}.Release|x64.Build.0 = Release|Any CPU
		{B6B89887-335E-471B-854E-3ECF35559812}.Release|x86.ActiveCfg = Release|Any CPU
		{B6B89887-335E-471B-854E-3ECF35559812}.Release|x86.Build.0 = Release|Any CPU
		{EC44D254-061B-4A2F-93A0-74EF03EBE9B2}.Debug|Any CPU.ActiveCfg = Debug|Any CPU
		{EC44D254-061B-4A2F-93A0-74EF03EBE9B2}.Debug|Any CPU.Build.0 = Debug|Any CPU
		{EC44D254-061B-4A2F-93A0-74EF03EBE9B2}.Debug|x64.ActiveCfg = Debug|Any CPU
		{EC44D254-061B-4A2F-93A0-74EF03EBE9B2}.Debug|x64.Build.0 = Debug|Any CPU
		{EC44D254-061B-4A2F-93A0-74EF03EBE9B2}.Debug|x86.ActiveCfg = Debug|Any CPU
		{EC44D254-061B-4A2F-93A0-74EF03EBE9B2}.Debug|x86.Build.0 = Debug|Any CPU
		{EC44D254-061B-4A2F-93A0-74EF03EBE9B2}.Release|Any CPU.ActiveCfg = Release|Any CPU
		{EC44D254-061B-4A2F-93A0-74EF03EBE9B2}.Release|Any CPU.Build.0 = Release|Any CPU
		{EC44D254-061B-4A2F-93A0-74EF03EBE9B2}.Release|x64.ActiveCfg = Release|Any CPU
		{EC44D254-061B-4A2F-93A0-74EF03EBE9B2}.Release|x64.Build.0 = Release|Any CPU
		{EC44D254-061B-4A2F-93A0-74EF03EBE9B2}.Release|x86.ActiveCfg = Release|Any CPU
		{EC44D254-061B-4A2F-93A0-74EF03EBE9B2}.Release|x86.Build.0 = Release|Any CPU
		{B6A56E76-80A3-4706-9C16-895803F61438}.Debug|Any CPU.ActiveCfg = Debug|Any CPU
		{B6A56E76-80A3-4706-9C16-895803F61438}.Debug|Any CPU.Build.0 = Debug|Any CPU
		{B6A56E76-80A3-4706-9C16-895803F61438}.Debug|x64.ActiveCfg = Debug|Any CPU
		{B6A56E76-80A3-4706-9C16-895803F61438}.Debug|x64.Build.0 = Debug|Any CPU
		{B6A56E76-80A3-4706-9C16-895803F61438}.Debug|x86.ActiveCfg = Debug|Any CPU
		{B6A56E76-80A3-4706-9C16-895803F61438}.Debug|x86.Build.0 = Debug|Any CPU
		{B6A56E76-80A3-4706-9C16-895803F61438}.Release|Any CPU.ActiveCfg = Release|Any CPU
		{B6A56E76-80A3-4706-9C16-895803F61438}.Release|Any CPU.Build.0 = Release|Any CPU
		{B6A56E76-80A3-4706-9C16-895803F61438}.Release|x64.ActiveCfg = Release|Any CPU
		{B6A56E76-80A3-4706-9C16-895803F61438}.Release|x64.Build.0 = Release|Any CPU
		{B6A56E76-80A3-4706-9C16-895803F61438}.Release|x86.ActiveCfg = Release|Any CPU
		{B6A56E76-80A3-4706-9C16-895803F61438}.Release|x86.Build.0 = Release|Any CPU
	EndGlobalSection
	GlobalSection(SolutionProperties) = preSolution
		HideSolutionNode = FALSE
	EndGlobalSection
	GlobalSection(NestedProjects) = preSolution
		{95087A40-9FE9-4658-A85D-139CD68303AA} = {7826B0F6-D20D-4C6B-9C81-92D1FC25A8CF}
		{A7734595-CAB9-4D28-B4F4-C77DA2524C44} = {7826B0F6-D20D-4C6B-9C81-92D1FC25A8CF}
		{062F8695-3423-426F-99AC-0BC887AACCC9} = {7826B0F6-D20D-4C6B-9C81-92D1FC25A8CF}
		{505FD2C3-E945-472A-B8B2-A57B88497FAC} = {7826B0F6-D20D-4C6B-9C81-92D1FC25A8CF}
		{C8BA82E4-0B81-4E10-B690-641C495B2B5C} = {7826B0F6-D20D-4C6B-9C81-92D1FC25A8CF}
		{6FBB931A-DFA8-49B2-9FBB-488738AC13AB} = {95087A40-9FE9-4658-A85D-139CD68303AA}
		{7EB86D66-0D80-4E8A-BE62-2BD11E3F25CC} = {A7734595-CAB9-4D28-B4F4-C77DA2524C44}
		{228F20C4-5631-4189-9C78-2098A9D7963A} = {062F8695-3423-426F-99AC-0BC887AACCC9}
		{B6B89887-335E-471B-854E-3ECF35559812} = {C8BA82E4-0B81-4E10-B690-641C495B2B5C}
		{EC44D254-061B-4A2F-93A0-74EF03EBE9B2} = {505FD2C3-E945-472A-B8B2-A57B88497FAC}
	EndGlobalSection
	GlobalSection(ExtensibilityGlobals) = postSolution
		SolutionGuid = {15FA1AB2-7223-459B-897F-651AE92BB2BB}
	EndGlobalSection
EndGlobal
